
Microsoft Visual Studio Solution File, Format Version 12.00
# Visual Studio Version 16
VisualStudioVersion = 16.0.32106.194
MinimumVisualStudioVersion = 10.0.40219.1
Project("{FAE04EC0-301F-11D3-BF4B-00C04F79EFBC}") = "Sistema.View", "Sistema.View\Sistema.View.csproj", "{4DBCC551-12B3-40AB-8488-BE29668A597C}"
EndProject
Global
	GlobalSection(SolutionConfigurationPlatforms) = preSolution
		Debug|Any CPU = Debug|Any CPU
		Release|Any CPU = Release|Any CPU
	EndGlobalSection
	GlobalSection(ProjectConfigurationPlatforms) = postSolution
		{4DBCC551-12B3-40AB-8488-BE29668A597C}.Debug|Any CPU.ActiveCfg = Debug|Any CPU
		{4DBCC551-12B3-40AB-8488-BE29668A597C}.Debug|Any CPU.Build.0 = Debug|Any CPU
		{4DBCC551-12B3-40AB-8488-BE29668A597C}.Release|Any CPU.ActiveCfg = Release|Any CPU
		{4DBCC551-12B3-40AB-8488-BE29668A597C}.Release|Any CPU.Build.0 = Release|Any CPU
	EndGlobalSection
	GlobalSection(SolutionProperties) = preSolution
		HideSolutionNode = FALSE
	EndGlobalSection
	GlobalSection(ExtensibilityGlobals) = postSolution
		SolutionGuid = {6081D6CF-ED7B-47EE-AF6D-05774A4F74D4}
	EndGlobalSection
EndGlobal
